
Microsoft Visual Studio Solution File, Format Version 12.00
# Visual Studio Version 17
VisualStudioVersion = 17.1.32228.430
MinimumVisualStudioVersion = 10.0.40219.1
Project("{9A19103F-16F7-4668-BE54-9A1E7A4F7556}") = "8086", "8086\8086.csproj", "{C933099E-F7BB-4D34-8143-F857078092EC}"
EndProject
Project("{9A19103F-16F7-4668-BE54-9A1E7A4F7556}") = "Intel8086", "Intel8086\Intel8086.csproj", "{364E9B5F-D497-4910-91F4-470409EA3C60}"
EndProject
Project("{9A19103F-16F7-4668-BE54-9A1E7A4F7556}") = "SymulatorIntel8086", "SymulatorIntel8086\SymulatorIntel8086.csproj", "{E000B193-44ED-4C75-9702-78CACCF14968}"
EndProject
Global
	GlobalSection(SolutionConfigurationPlatforms) = preSolution
		Debug|Any CPU = Debug|Any CPU
		Release|Any CPU = Release|Any CPU
	EndGlobalSection
	GlobalSection(ProjectConfigurationPlatforms) = postSolution
		{C933099E-F7BB-4D34-8143-F857078092EC}.Debug|Any CPU.ActiveCfg = Debug|Any CPU
		{C933099E-F7BB-4D34-8143-F857078092EC}.Debug|Any CPU.Build.0 = Debug|Any CPU
		{C933099E-F7BB-4D34-8143-F857078092EC}.Release|Any CPU.ActiveCfg = Release|Any CPU
		{C933099E-F7BB-4D34-8143-F857078092EC}.Release|Any CPU.Build.0 = Release|Any CPU
		{364E9B5F-D497-4910-91F4-470409EA3C60}.Debug|Any CPU.ActiveCfg = Debug|Any CPU
		{364E9B5F-D497-4910-91F4-470409EA3C60}.Debug|Any CPU.Build.0 = Debug|Any CPU
		{364E9B5F-D497-4910-91F4-470409EA3C60}.Release|Any CPU.ActiveCfg = Release|Any CPU
		{364E9B5F-D497-4910-91F4-470409EA3C60}.Release|Any CPU.Build.0 = Release|Any CPU
		{E000B193-44ED-4C75-9702-78CACCF14968}.Debug|Any CPU.ActiveCfg = Debug|Any CPU
		{E000B193-44ED-4C75-9702-78CACCF14968}.Debug|Any CPU.Build.0 = Debug|Any CPU
		{E000B193-44ED-4C75-9702-78CACCF14968}.Release|Any CPU.ActiveCfg = Release|Any CPU
		{E000B193-44ED-4C75-9702-78CACCF14968}.Release|Any CPU.Build.0 = Release|Any CPU
	EndGlobalSection
	GlobalSection(SolutionProperties) = preSolution
		HideSolutionNode = FALSE
	EndGlobalSection
	GlobalSection(ExtensibilityGlobals) = postSolution
		SolutionGuid = {22BF9AAA-0EB4-4C0C-A932-7F1007730450}
	EndGlobalSection
EndGlobal
